PODS:
  - Alamofire (5.6.2)
  - Charts (4.1.0):
    - Charts/Core (= 4.1.0)
  - Charts/Core (4.1.0):
    - SwiftAlgorithms (~> 1.0)
  - Moya (15.0.0):
    - Moya/Core (= 15.0.0)
  - Moya/Core (15.0.0):
    - Alamofire (~> 5.0)
  - SwiftAlgorithms (1.0.0)
  - SwiftKeychainWrapper (4.0.1)

DEPENDENCIES:
  - Charts
  - Moya (~> 15.0)
  - SwiftKeychainWrapper

SPEC REPOS:
  trunk:
    - Alamofire
    - Charts
    - Moya
    - SwiftAlgorithms
    - SwiftKeychainWrapper

SPEC CHECKSUMS:
  Alamofire: d368e1ff8a298e6dde360e35a3e68e6c610e7204
  Charts: 354f86803d11d9c35de280587fef50d1af063978
  Moya: 138f0573e53411fb3dc17016add0b748dfbd78ee
  SwiftAlgorithms: 38dda4731d19027fdeee1125f973111bf3386b53
  SwiftKeychainWrapper: 807ba1d63c33a7d0613288512399cd1eda1e470c

PODFILE CHECKSUM: 9224a3e4020c9f7deb3a6e24a10f8384cfabd241

COCOAPODS: 1.11.3
