// !$*UTF8*$!
{
	archiveVersion = 1;
	classes = {
	};
	objectVersion = 55;
	objects = {

/* Begin PBXBuildFile section */
		3F52A3A8336F9629E070F5DA /* Pods_LazybonesApp_LazybonesAppUITests.framework in Frameworks */ = {isa = PBXBuildFile; fileRef = FC462BB5090219A00A169364 /* Pods_LazybonesApp_LazybonesAppUITests.framework */; };
		5737A47B28F15C1B008D4499 /* MainPresenter.swift in Sources */ = {isa = PBXBuildFile; fileRef = 5737A47A28F15C1B008D4499 /* MainPresenter.swift */; };
		5737A47D28F1615C008D4499 /* NetworkService.swift in Sources */ = {isa = PBXBuildFile; fileRef = 5737A47C28F1615C008D4499 /* NetworkService.swift */; };
		9911AB4B3C022A32EACDBEE7 /* Pods_LazybonesAppTests.framework in Frameworks */ = {isa = PBXBuildFile; fileRef = 0198F200474BE39310B1471D /* Pods_LazybonesAppTests.framework */; };
		E83F35D0290803A100C979D8 /* PaymentViewController.swift in Sources */ = {isa = PBXBuildFile; fileRef = E83F35CF290803A100C979D8 /* PaymentViewController.swift */; };
		E83F35D2290803C200C979D8 /* TeamViewController.swift in Sources */ = {isa = PBXBuildFile; fileRef = E83F35D1290803C200C979D8 /* TeamViewController.swift */; };
		E83F35D4290803E300C979D8 /* ComingViewController.swift in Sources */ = {isa = PBXBuildFile; fileRef = E83F35D3290803E300C979D8 /* ComingViewController.swift */; };
		E83F35D62908040400C979D8 /* DashboardViewController.swift in Sources */ = {isa = PBXBuildFile; fileRef = E83F35D52908040400C979D8 /* DashboardViewController.swift */; };
		E83F35D8290812EA00C979D8 /* MainTabBapController.swift in Sources */ = {isa = PBXBuildFile; fileRef = E83F35D7290812EA00C979D8 /* MainTabBapController.swift */; };
		E83F35DB290836BC00C979D8 /* ComingViewPresenter.swift in Sources */ = {isa = PBXBuildFile; fileRef = E83F35DA290836BC00C979D8 /* ComingViewPresenter.swift */; };
		E83F35E029091C3500C979D8 /* SbisAuthRequest.swift in Sources */ = {isa = PBXBuildFile; fileRef = E83F35DF29091C3500C979D8 /* SbisAuthRequest.swift */; };
		E83F35E229091D8300C979D8 /* SbisComingListRequest.swift in Sources */ = {isa = PBXBuildFile; fileRef = E83F35E129091D8300C979D8 /* SbisComingListRequest.swift */; };
		E83F35E42909227000C979D8 /* SbisComingListResponse.swift in Sources */ = {isa = PBXBuildFile; fileRef = E83F35E32909227000C979D8 /* SbisComingListResponse.swift */; };
		E83F35E62909238700C979D8 /* SbisAuthResponse.swift in Sources */ = {isa = PBXBuildFile; fileRef = E83F35E52909238700C979D8 /* SbisAuthResponse.swift */; };
		E83F35E829095CD200C979D8 /* CominTableViewCell.swift in Sources */ = {isa = PBXBuildFile; fileRef = E83F35E729095CD200C979D8 /* CominTableViewCell.swift */; };
		E83F35EA29095D7A00C979D8 /* ComingDetailsViewController.swift in Sources */ = {isa = PBXBuildFile; fileRef = E83F35E929095D7A00C979D8 /* ComingDetailsViewController.swift */; };
		E83F35F029095E0600C979D8 /* ComingDetailsPresenter.swift in Sources */ = {isa = PBXBuildFile; fileRef = E83F35EF29095E0600C979D8 /* ComingDetailsPresenter.swift */; };
		E83F35F2290BB35B00C979D8 /* ComingModel.swift in Sources */ = {isa = PBXBuildFile; fileRef = E83F35F1290BB35B00C979D8 /* ComingModel.swift */; };
		E83F35F4290BC9DA00C979D8 /* SbisShortComingListResponse.swift in Sources */ = {isa = PBXBuildFile; fileRef = E83F35F3290BC9DA00C979D8 /* SbisShortComingListResponse.swift */; };
		E83F36362910FB7100C979D8 /* KeychainService.swift in Sources */ = {isa = PBXBuildFile; fileRef = E83F36352910FB7100C979D8 /* KeychainService.swift */; };
		E875D0AB28F2E118000B6A08 /* ModuleBuilder.swift in Sources */ = {isa = PBXBuildFile; fileRef = E875D0AA28F2E118000B6A08 /* ModuleBuilder.swift */; };
		E875D0AF28F2E407000B6A08 /* DetailInfoViewController.swift in Sources */ = {isa = PBXBuildFile; fileRef = E875D0AE28F2E407000B6A08 /* DetailInfoViewController.swift */; };
		E875D0B228F2E573000B6A08 /* DetailInfoPresenter.swift in Sources */ = {isa = PBXBuildFile; fileRef = E875D0B128F2E573000B6A08 /* DetailInfoPresenter.swift */; };
		E875D0B428F2E975000B6A08 /* DetailInfoModel.swift in Sources */ = {isa = PBXBuildFile; fileRef = E875D0B328F2E975000B6A08 /* DetailInfoModel.swift */; };
		E875D0B728F2F8B4000B6A08 /* DetailinfoTableViewCell.swift in Sources */ = {isa = PBXBuildFile; fileRef = E875D0B628F2F8B4000B6A08 /* DetailinfoTableViewCell.swift */; };
		E8AF8A3628FD5B780058884F /* DecoderService.swift in Sources */ = {isa = PBXBuildFile; fileRef = E8AF8A3528FD5B780058884F /* DecoderService.swift */; };
		E8AF8A3828FD646C0058884F /* APIService.swift in Sources */ = {isa = PBXBuildFile; fileRef = E8AF8A3728FD646C0058884F /* APIService.swift */; };
		E8AF8A3A28FD864C0058884F /* MoyaService.swift in Sources */ = {isa = PBXBuildFile; fileRef = E8AF8A3928FD864C0058884F /* MoyaService.swift */; };
		E8B5667828ED6886006C89F8 /* AppDelegate.swift in Sources */ = {isa = PBXBuildFile; fileRef = E8B5667728ED6886006C89F8 /* AppDelegate.swift */; };
		E8B5667A28ED6886006C89F8 /* SceneDelegate.swift in Sources */ = {isa = PBXBuildFile; fileRef = E8B5667928ED6886006C89F8 /* SceneDelegate.swift */; };
		E8B5667C28ED6886006C89F8 /* MainViewController.swift in Sources */ = {isa = PBXBuildFile; fileRef = E8B5667B28ED6886006C89F8 /* MainViewController.swift */; };
		E8B5668228ED6886006C89F8 /* LazybonesApp.xcdatamodeld in Sources */ = {isa = PBXBuildFile; fileRef = E8B5668028ED6886006C89F8 /* LazybonesApp.xcdatamodeld */; };
		E8B5668428ED6888006C89F8 /* Assets.xcassets in Resources */ = {isa = PBXBuildFile; fileRef = E8B5668328ED6888006C89F8 /* Assets.xcassets */; };
		E8B5668728ED6888006C89F8 /* LaunchScreen.storyboard in Resources */ = {isa = PBXBuildFile; fileRef = E8B5668528ED6888006C89F8 /* LaunchScreen.storyboard */; };
		E8B5669228ED6888006C89F8 /* LazybonesAppTests.swift in Sources */ = {isa = PBXBuildFile; fileRef = E8B5669128ED6888006C89F8 /* LazybonesAppTests.swift */; };
		E8B5669C28ED6888006C89F8 /* LazybonesAppUITests.swift in Sources */ = {isa = PBXBuildFile; fileRef = E8B5669B28ED6888006C89F8 /* LazybonesAppUITests.swift */; };
		E8B5669E28ED6888006C89F8 /* LazybonesAppUITestsLaunchTests.swift in Sources */ = {isa = PBXBuildFile; fileRef = E8B5669D28ED6888006C89F8 /* LazybonesAppUITestsLaunchTests.swift */; };
		E8B566B028F1CB85006C89F8 /* JSONPlaceHolderTableViewPresenter.swift in Sources */ = {isa = PBXBuildFile; fileRef = E8B566AF28F1CB85006C89F8 /* JSONPlaceHolderTableViewPresenter.swift */; };
		E8B566B228F1CBDB006C89F8 /* PlaseHolderViewController.swift in Sources */ = {isa = PBXBuildFile; fileRef = E8B566B128F1CBDB006C89F8 /* PlaseHolderViewController.swift */; };
		E8B566B428F1CC0B006C89F8 /* JSONPlaceHolderModel.swift in Sources */ = {isa = PBXBuildFile; fileRef = E8B566B328F1CC0B006C89F8 /* JSONPlaceHolderModel.swift */; };
		E8B566B828F2B1BA006C89F8 /* ActionCollectionViewCell.swift in Sources */ = {isa = PBXBuildFile; fileRef = E8B566B728F2B1BA006C89F8 /* ActionCollectionViewCell.swift */; };
		F630BF613E79AD8A914EE95E /* Pods_LazybonesApp.framework in Frameworks */ = {isa = PBXBuildFile; fileRef = AFDD0A524DE7BE145842C232 /* Pods_LazybonesApp.framework */; };
/* End PBXBuildFile section */

/* Begin PBXContainerItemProxy section */
		E8B5668E28ED6888006C89F8 /* PBXContainerItemProxy */ = {
			isa = PBXContainerItemProxy;
			containerPortal = E8B5666C28ED6886006C89F8 /* Project object */;
			proxyType = 1;
			remoteGlobalIDString = E8B5667328ED6886006C89F8;
			remoteInfo = LazybonesApp;
		};
		E8B5669828ED6888006C89F8 /* PBXContainerItemProxy */ = {
			isa = PBXContainerItemProxy;
			containerPortal = E8B5666C28ED6886006C89F8 /* Project object */;
			proxyType = 1;
			remoteGlobalIDString = E8B5667328ED6886006C89F8;
			remoteInfo = LazybonesApp;
		};
/* End PBXContainerItemProxy section */

/* Begin PBXFileReference section */
		0198F200474BE39310B1471D /* Pods_LazybonesAppTests.framework */ = {isa = PBXFileReference; explicitFileType = wrapper.framework; includeInIndex = 0; path = Pods_LazybonesAppTests.framework; sourceTree = BUILT_PRODUCTS_DIR; };
		0AC96FEEC79821C8D8C54062 /* Pods-LazybonesApp-LazybonesAppUITests.release.xcconfig */ = {isa = PBXFileReference; includeInIndex = 1; lastKnownFileType = text.xcconfig; name = "Pods-LazybonesApp-LazybonesAppUITests.release.xcconfig"; path = "Target Support Files/Pods-LazybonesApp-LazybonesAppUITests/Pods-LazybonesApp-LazybonesAppUITests.release.xcconfig"; sourceTree = "<group>"; };
		5737A47A28F15C1B008D4499 /* MainPresenter.swift */ = {isa = PBXFileReference; lastKnownFileType = sourcecode.swift; path = MainPresenter.swift; sourceTree = "<group>"; };
		5737A47C28F1615C008D4499 /* NetworkService.swift */ = {isa = PBXFileReference; lastKnownFileType = sourcecode.swift; path = NetworkService.swift; sourceTree = "<group>"; };
		8825B3B8EA6C92D4E83EEF5E /* Pods-LazybonesApp.debug.xcconfig */ = {isa = PBXFileReference; includeInIndex = 1; lastKnownFileType = text.xcconfig; name = "Pods-LazybonesApp.debug.xcconfig"; path = "Target Support Files/Pods-LazybonesApp/Pods-LazybonesApp.debug.xcconfig"; sourceTree = "<group>"; };
		8A49638B38C5784FEC360724 /* Pods-LazybonesApp.release.xcconfig */ = {isa = PBXFileReference; includeInIndex = 1; lastKnownFileType = text.xcconfig; name = "Pods-LazybonesApp.release.xcconfig"; path = "Target Support Files/Pods-LazybonesApp/Pods-LazybonesApp.release.xcconfig"; sourceTree = "<group>"; };
		AFDD0A524DE7BE145842C232 /* Pods_LazybonesApp.framework */ = {isa = PBXFileReference; explicitFileType = wrapper.framework; includeInIndex = 0; path = Pods_LazybonesApp.framework; sourceTree = BUILT_PRODUCTS_DIR; };
		BBED85E757EE3E3D01E4C365 /* Pods-LazybonesAppTests.release.xcconfig */ = {isa = PBXFileReference; includeInIndex = 1; lastKnownFileType = text.xcconfig; name = "Pods-LazybonesAppTests.release.xcconfig"; path = "Target Support Files/Pods-LazybonesAppTests/Pods-LazybonesAppTests.release.xcconfig"; sourceTree = "<group>"; };
		C747CDA187AFBBC77483F2AE /* Pods-LazybonesAppTests.debug.xcconfig */ = {isa = PBXFileReference; includeInIndex = 1; lastKnownFileType = text.xcconfig; name = "Pods-LazybonesAppTests.debug.xcconfig"; path = "Target Support Files/Pods-LazybonesAppTests/Pods-LazybonesAppTests.debug.xcconfig"; sourceTree = "<group>"; };
		D04F19DBA60F1806377B80FF /* Pods-LazybonesApp-LazybonesAppUITests.debug.xcconfig */ = {isa = PBXFileReference; includeInIndex = 1; lastKnownFileType = text.xcconfig; name = "Pods-LazybonesApp-LazybonesAppUITests.debug.xcconfig"; path = "Target Support Files/Pods-LazybonesApp-LazybonesAppUITests/Pods-LazybonesApp-LazybonesAppUITests.debug.xcconfig"; sourceTree = "<group>"; };
		E83F35CF290803A100C979D8 /* PaymentViewController.swift */ = {isa = PBXFileReference; lastKnownFileType = sourcecode.swift; path = PaymentViewController.swift; sourceTree = "<group>"; };
		E83F35D1290803C200C979D8 /* TeamViewController.swift */ = {isa = PBXFileReference; lastKnownFileType = sourcecode.swift; path = TeamViewController.swift; sourceTree = "<group>"; };
		E83F35D3290803E300C979D8 /* ComingViewController.swift */ = {isa = PBXFileReference; lastKnownFileType = sourcecode.swift; path = ComingViewController.swift; sourceTree = "<group>"; };
		E83F35D52908040400C979D8 /* DashboardViewController.swift */ = {isa = PBXFileReference; lastKnownFileType = sourcecode.swift; path = DashboardViewController.swift; sourceTree = "<group>"; };
		E83F35D7290812EA00C979D8 /* MainTabBapController.swift */ = {isa = PBXFileReference; lastKnownFileType = sourcecode.swift; path = MainTabBapController.swift; sourceTree = "<group>"; };
		E83F35DA290836BC00C979D8 /* ComingViewPresenter.swift */ = {isa = PBXFileReference; lastKnownFileType = sourcecode.swift; path = ComingViewPresenter.swift; sourceTree = "<group>"; };
		E83F35DF29091C3500C979D8 /* SbisAuthRequest.swift */ = {isa = PBXFileReference; lastKnownFileType = sourcecode.swift; path = SbisAuthRequest.swift; sourceTree = "<group>"; };
		E83F35E129091D8300C979D8 /* SbisComingListRequest.swift */ = {isa = PBXFileReference; lastKnownFileType = sourcecode.swift; path = SbisComingListRequest.swift; sourceTree = "<group>"; };
		E83F35E32909227000C979D8 /* SbisComingListResponse.swift */ = {isa = PBXFileReference; lastKnownFileType = sourcecode.swift; path = SbisComingListResponse.swift; sourceTree = "<group>"; };
		E83F35E52909238700C979D8 /* SbisAuthResponse.swift */ = {isa = PBXFileReference; lastKnownFileType = sourcecode.swift; path = SbisAuthResponse.swift; sourceTree = "<group>"; };
		E83F35E729095CD200C979D8 /* CominTableViewCell.swift */ = {isa = PBXFileReference; lastKnownFileType = sourcecode.swift; path = CominTableViewCell.swift; sourceTree = "<group>"; };
		E83F35E929095D7A00C979D8 /* ComingDetailsViewController.swift */ = {isa = PBXFileReference; lastKnownFileType = sourcecode.swift; path = ComingDetailsViewController.swift; sourceTree = "<group>"; };
		E83F35EF29095E0600C979D8 /* ComingDetailsPresenter.swift */ = {isa = PBXFileReference; lastKnownFileType = sourcecode.swift; path = ComingDetailsPresenter.swift; sourceTree = "<group>"; };
		E83F35F1290BB35B00C979D8 /* ComingModel.swift */ = {isa = PBXFileReference; lastKnownFileType = sourcecode.swift; path = ComingModel.swift; sourceTree = "<group>"; };
		E83F35F3290BC9DA00C979D8 /* SbisShortComingListResponse.swift */ = {isa = PBXFileReference; lastKnownFileType = sourcecode.swift; path = SbisShortComingListResponse.swift; sourceTree = "<group>"; };
		E83F36352910FB7100C979D8 /* KeychainService.swift */ = {isa = PBXFileReference; lastKnownFileType = sourcecode.swift; path = KeychainService.swift; sourceTree = "<group>"; };
		E875D0AA28F2E118000B6A08 /* ModuleBuilder.swift */ = {isa = PBXFileReference; lastKnownFileType = sourcecode.swift; path = ModuleBuilder.swift; sourceTree = "<group>"; };
		E875D0AE28F2E407000B6A08 /* DetailInfoViewController.swift */ = {isa = PBXFileReference; lastKnownFileType = sourcecode.swift; path = DetailInfoViewController.swift; sourceTree = "<group>"; };
		E875D0B128F2E573000B6A08 /* DetailInfoPresenter.swift */ = {isa = PBXFileReference; lastKnownFileType = sourcecode.swift; path = DetailInfoPresenter.swift; sourceTree = "<group>"; };
		E875D0B328F2E975000B6A08 /* DetailInfoModel.swift */ = {isa = PBXFileReference; lastKnownFileType = sourcecode.swift; path = DetailInfoModel.swift; sourceTree = "<group>"; };
		E875D0B628F2F8B4000B6A08 /* DetailinfoTableViewCell.swift */ = {isa = PBXFileReference; lastKnownFileType = sourcecode.swift; path = DetailinfoTableViewCell.swift; sourceTree = "<group>"; };
		E8AF8A3528FD5B780058884F /* DecoderService.swift */ = {isa = PBXFileReference; lastKnownFileType = sourcecode.swift; path = DecoderService.swift; sourceTree = "<group>"; };
		E8AF8A3728FD646C0058884F /* APIService.swift */ = {isa = PBXFileReference; lastKnownFileType = sourcecode.swift; path = APIService.swift; sourceTree = "<group>"; };
		E8AF8A3928FD864C0058884F /* MoyaService.swift */ = {isa = PBXFileReference; lastKnownFileType = sourcecode.swift; path = MoyaService.swift; sourceTree = "<group>"; };
		E8B5667428ED6886006C89F8 /* LazybonesApp.app */ = {isa = PBXFileReference; explicitFileType = wrapper.application; includeInIndex = 0; path = LazybonesApp.app; sourceTree = BUILT_PRODUCTS_DIR; };
		E8B5667728ED6886006C89F8 /* AppDelegate.swift */ = {isa = PBXFileReference; lastKnownFileType = sourcecode.swift; path = AppDelegate.swift; sourceTree = "<group>"; };
		E8B5667928ED6886006C89F8 /* SceneDelegate.swift */ = {isa = PBXFileReference; lastKnownFileType = sourcecode.swift; path = SceneDelegate.swift; sourceTree = "<group>"; };
		E8B5667B28ED6886006C89F8 /* MainViewController.swift */ = {isa = PBXFileReference; lastKnownFileType = sourcecode.swift; path = MainViewController.swift; sourceTree = "<group>"; };
		E8B5668128ED6886006C89F8 /* LazybonesApp.xcdatamodel */ = {isa = PBXFileReference; lastKnownFileType = wrapper.xcdatamodel; path = LazybonesApp.xcdatamodel; sourceTree = "<group>"; };
		E8B5668328ED6888006C89F8 /* Assets.xcassets */ = {isa = PBXFileReference; lastKnownFileType = folder.assetcatalog; path = Assets.xcassets; sourceTree = "<group>"; };
		E8B5668628ED6888006C89F8 /* Base */ = {isa = PBXFileReference; lastKnownFileType = file.storyboard; name = Base; path = Base.lproj/LaunchScreen.storyboard; sourceTree = "<group>"; };
		E8B5668828ED6888006C89F8 /* Info.plist */ = {isa = PBXFileReference; lastKnownFileType = text.plist.xml; path = Info.plist; sourceTree = "<group>"; };
		E8B5668D28ED6888006C89F8 /* LazybonesAppTests.xctest */ = {isa = PBXFileReference; explicitFileType = wrapper.cfbundle; includeInIndex = 0; path = LazybonesAppTests.xctest; sourceTree = BUILT_PRODUCTS_DIR; };
		E8B5669128ED6888006C89F8 /* LazybonesAppTests.swift */ = {isa = PBXFileReference; lastKnownFileType = sourcecode.swift; path = LazybonesAppTests.swift; sourceTree = "<group>"; };
		E8B5669728ED6888006C89F8 /* LazybonesAppUITests.xctest */ = {isa = PBXFileReference; explicitFileType = wrapper.cfbundle; includeInIndex = 0; path = LazybonesAppUITests.xctest; sourceTree = BUILT_PRODUCTS_DIR; };
		E8B5669B28ED6888006C89F8 /* LazybonesAppUITests.swift */ = {isa = PBXFileReference; lastKnownFileType = sourcecode.swift; path = LazybonesAppUITests.swift; sourceTree = "<group>"; };
		E8B5669D28ED6888006C89F8 /* LazybonesAppUITestsLaunchTests.swift */ = {isa = PBXFileReference; lastKnownFileType = sourcecode.swift; path = LazybonesAppUITestsLaunchTests.swift; sourceTree = "<group>"; };
		E8B566AF28F1CB85006C89F8 /* JSONPlaceHolderTableViewPresenter.swift */ = {isa = PBXFileReference; lastKnownFileType = sourcecode.swift; path = JSONPlaceHolderTableViewPresenter.swift; sourceTree = "<group>"; };
		E8B566B128F1CBDB006C89F8 /* PlaseHolderViewController.swift */ = {isa = PBXFileReference; lastKnownFileType = sourcecode.swift; path = PlaseHolderViewController.swift; sourceTree = "<group>"; };
		E8B566B328F1CC0B006C89F8 /* JSONPlaceHolderModel.swift */ = {isa = PBXFileReference; lastKnownFileType = sourcecode.swift; path = JSONPlaceHolderModel.swift; sourceTree = "<group>"; };
		E8B566B728F2B1BA006C89F8 /* ActionCollectionViewCell.swift */ = {isa = PBXFileReference; lastKnownFileType = sourcecode.swift; path = ActionCollectionViewCell.swift; sourceTree = "<group>"; };
		FC462BB5090219A00A169364 /* Pods_LazybonesApp_LazybonesAppUITests.framework */ = {isa = PBXFileReference; explicitFileType = wrapper.framework; includeInIndex = 0; path = Pods_LazybonesApp_LazybonesAppUITests.framework; sourceTree = BUILT_PRODUCTS_DIR; };
/* End PBXFileReference section */

/* Begin PBXFrameworksBuildPhase section */
		E8B5667128ED6886006C89F8 /* Frameworks */ = {
			isa = PBXFrameworksBuildPhase;
			buildActionMask = 2147483647;
			files = (
				F630BF613E79AD8A914EE95E /* Pods_LazybonesApp.framework in Frameworks */,
			);
			runOnlyForDeploymentPostprocessing = 0;
		};
		E8B5668A28ED6888006C89F8 /* Frameworks */ = {
			isa = PBXFrameworksBuildPhase;
			buildActionMask = 2147483647;
			files = (
				9911AB4B3C022A32EACDBEE7 /* Pods_LazybonesAppTests.framework in Frameworks */,
			);
			runOnlyForDeploymentPostprocessing = 0;
		};
		E8B5669428ED6888006C89F8 /* Frameworks */ = {
			isa = PBXFrameworksBuildPhase;
			buildActionMask = 2147483647;
			files = (
				3F52A3A8336F9629E070F5DA /* Pods_LazybonesApp_LazybonesAppUITests.framework in Frameworks */,
			);
			runOnlyForDeploymentPostprocessing = 0;
		};
/* End PBXFrameworksBuildPhase section */

/* Begin PBXGroup section */
		2CAA296E7A24142C98AF2D0F /* Frameworks */ = {
			isa = PBXGroup;
			children = (
				AFDD0A524DE7BE145842C232 /* Pods_LazybonesApp.framework */,
				FC462BB5090219A00A169364 /* Pods_LazybonesApp_LazybonesAppUITests.framework */,
				0198F200474BE39310B1471D /* Pods_LazybonesAppTests.framework */,
			);
			name = Frameworks;
			sourceTree = "<group>";
		};
		5737A47828F15B85008D4499 /* Scenes */ = {
			isa = PBXGroup;
			children = (
				E875D0AA28F2E118000B6A08 /* ModuleBuilder.swift */,
				E83F35D7290812EA00C979D8 /* MainTabBapController.swift */,
				E83F35BF2908027F00C979D8 /* DashboardModule */,
				E83F35C02908029D00C979D8 /* ComingModule */,
				E83F35EB29095DA800C979D8 /* ComingDetailsModule */,
				E83F35C1290802D000C979D8 /* TeamModule */,
				E83F35C2290802DD00C979D8 /* PaymentModule */,
				E83F35D929081E3400C979D8 /* STYDY[ADDITIONAL] */,
			);
			path = Scenes;
			sourceTree = "<group>";
		};
		5737A47928F15BF4008D4499 /* Main */ = {
			isa = PBXGroup;
			children = (
				E8B5667B28ED6886006C89F8 /* MainViewController.swift */,
				5737A47A28F15C1B008D4499 /* MainPresenter.swift */,
			);
			path = Main;
			sourceTree = "<group>";
		};
		5737A47E28F1649F008D4499 /* Core */ = {
			isa = PBXGroup;
			children = (
				5737A47F28F164AC008D4499 /* ServiceLayer */,
			);
			path = Core;
			sourceTree = "<group>";
		};
		5737A47F28F164AC008D4499 /* ServiceLayer */ = {
			isa = PBXGroup;
			children = (
				E8AF8A3928FD864C0058884F /* MoyaService.swift */,
				E8AF8A3528FD5B780058884F /* DecoderService.swift */,
				E8AF8A3728FD646C0058884F /* APIService.swift */,
				E83F36352910FB7100C979D8 /* KeychainService.swift */,
				E83F35DC29090BC600C979D8 /* Network */,
			);
			path = ServiceLayer;
			sourceTree = "<group>";
		};
		5737A48028F164B9008D4499 /* Application */ = {
			isa = PBXGroup;
			children = (
				5737A48128F164C5008D4499 /* Resources */,
				E8B5667728ED6886006C89F8 /* AppDelegate.swift */,
				E8B5667928ED6886006C89F8 /* SceneDelegate.swift */,
				E8B5668828ED6888006C89F8 /* Info.plist */,
				E8B5668028ED6886006C89F8 /* LazybonesApp.xcdatamodeld */,
			);
			path = Application;
			sourceTree = "<group>";
		};
		5737A48128F164C5008D4499 /* Resources */ = {
			isa = PBXGroup;
			children = (
				E8B5668528ED6888006C89F8 /* LaunchScreen.storyboard */,
				E8B5668328ED6888006C89F8 /* Assets.xcassets */,
			);
			path = Resources;
			sourceTree = "<group>";
		};
		B4263029EE6C9BBC04E0EE7B /* Pods */ = {
			isa = PBXGroup;
			children = (
				8825B3B8EA6C92D4E83EEF5E /* Pods-LazybonesApp.debug.xcconfig */,
				8A49638B38C5784FEC360724 /* Pods-LazybonesApp.release.xcconfig */,
				D04F19DBA60F1806377B80FF /* Pods-LazybonesApp-LazybonesAppUITests.debug.xcconfig */,
				0AC96FEEC79821C8D8C54062 /* Pods-LazybonesApp-LazybonesAppUITests.release.xcconfig */,
				C747CDA187AFBBC77483F2AE /* Pods-LazybonesAppTests.debug.xcconfig */,
				BBED85E757EE3E3D01E4C365 /* Pods-LazybonesAppTests.release.xcconfig */,
			);
			path = Pods;
			sourceTree = "<group>";
		};
		E83F35BF2908027F00C979D8 /* DashboardModule */ = {
			isa = PBXGroup;
			children = (
				E83F35C82908034B00C979D8 /* Model */,
				E83F35C72908034600C979D8 /* View */,
				E83F35C62908034100C979D8 /* Presenter */,
			);
			path = DashboardModule;
			sourceTree = "<group>";
		};
		E83F35C02908029D00C979D8 /* ComingModule */ = {
			isa = PBXGroup;
			children = (
				E83F35CE2908036900C979D8 /* Model */,
				E83F35CC2908036200C979D8 /* View */,
				E83F35C92908035700C979D8 /* Presenter */,
			);
			path = ComingModule;
			sourceTree = "<group>";
		};
		E83F35C1290802D000C979D8 /* TeamModule */ = {
			isa = PBXGroup;
			children = (
				E83F35CD2908036700C979D8 /* Model */,
				E83F35CB2908035F00C979D8 /* View */,
				E83F35CA2908035A00C979D8 /* Presenter */,
			);
			path = TeamModule;
			sourceTree = "<group>";
		};
		E83F35C2290802DD00C979D8 /* PaymentModule */ = {
			isa = PBXGroup;
			children = (
				E83F35C52908031C00C979D8 /* Model */,
				E83F35C42908031800C979D8 /* View */,
				E83F35C32908030C00C979D8 /* Presenter */,
			);
			path = PaymentModule;
			sourceTree = "<group>";
		};
		E83F35C32908030C00C979D8 /* Presenter */ = {
			isa = PBXGroup;
			children = (
			);
			path = Presenter;
			sourceTree = "<group>";
		};
		E83F35C42908031800C979D8 /* View */ = {
			isa = PBXGroup;
			children = (
				E83F35CF290803A100C979D8 /* PaymentViewController.swift */,
			);
			path = View;
			sourceTree = "<group>";
		};
		E83F35C52908031C00C979D8 /* Model */ = {
			isa = PBXGroup;
			children = (
			);
			path = Model;
			sourceTree = "<group>";
		};
		E83F35C62908034100C979D8 /* Presenter */ = {
			isa = PBXGroup;
			children = (
			);
			path = Presenter;
			sourceTree = "<group>";
		};
		E83F35C72908034600C979D8 /* View */ = {
			isa = PBXGroup;
			children = (
				E83F35D52908040400C979D8 /* DashboardViewController.swift */,
			);
			path = View;
			sourceTree = "<group>";
		};
		E83F35C82908034B00C979D8 /* Model */ = {
			isa = PBXGroup;
			children = (
			);
			path = Model;
			sourceTree = "<group>";
		};
		E83F35C92908035700C979D8 /* Presenter */ = {
			isa = PBXGroup;
			children = (
				E83F35DA290836BC00C979D8 /* ComingViewPresenter.swift */,
			);
			path = Presenter;
			sourceTree = "<group>";
		};
		E83F35CA2908035A00C979D8 /* Presenter */ = {
			isa = PBXGroup;
			children = (
			);
			path = Presenter;
			sourceTree = "<group>";
		};
		E83F35CB2908035F00C979D8 /* View */ = {
			isa = PBXGroup;
			children = (
				E83F35D1290803C200C979D8 /* TeamViewController.swift */,
			);
			path = View;
			sourceTree = "<group>";
		};
		E83F35CC2908036200C979D8 /* View */ = {
			isa = PBXGroup;
			children = (
				E83F35D3290803E300C979D8 /* ComingViewController.swift */,
				E83F35E729095CD200C979D8 /* CominTableViewCell.swift */,
			);
			path = View;
			sourceTree = "<group>";
		};
		E83F35CD2908036700C979D8 /* Model */ = {
			isa = PBXGroup;
			children = (
			);
			path = Model;
			sourceTree = "<group>";
		};
		E83F35CE2908036900C979D8 /* Model */ = {
			isa = PBXGroup;
			children = (
				E83F35F1290BB35B00C979D8 /* ComingModel.swift */,
			);
			path = Model;
			sourceTree = "<group>";
		};
		E83F35D929081E3400C979D8 /* STYDY[ADDITIONAL] */ = {
			isa = PBXGroup;
			children = (
				E875D0AC28F2E36C000B6A08 /* DetailInfoModule */,
				E8B566AB28F1CB16006C89F8 /* PlaceHolderModule */,
				5737A47928F15BF4008D4499 /* Main */,
			);
			path = "STYDY[ADDITIONAL]";
			sourceTree = "<group>";
		};
		E83F35DC29090BC600C979D8 /* Network */ = {
			isa = PBXGroup;
			children = (
				5737A47C28F1615C008D4499 /* NetworkService.swift */,
				E83F35DD29090BD900C979D8 /* Requests */,
				E83F35DE29090BE100C979D8 /* Responses */,
			);
			path = Network;
			sourceTree = "<group>";
		};
		E83F35DD29090BD900C979D8 /* Requests */ = {
			isa = PBXGroup;
			children = (
				E83F35DF29091C3500C979D8 /* SbisAuthRequest.swift */,
				E83F35E129091D8300C979D8 /* SbisComingListRequest.swift */,
			);
			path = Requests;
			sourceTree = "<group>";
		};
		E83F35DE29090BE100C979D8 /* Responses */ = {
			isa = PBXGroup;
			children = (
				E83F35E52909238700C979D8 /* SbisAuthResponse.swift */,
				E83F35E32909227000C979D8 /* SbisComingListResponse.swift */,
				E83F35F3290BC9DA00C979D8 /* SbisShortComingListResponse.swift */,
			);
			path = Responses;
			sourceTree = "<group>";
		};
		E83F35EB29095DA800C979D8 /* ComingDetailsModule */ = {
			isa = PBXGroup;
			children = (
				E83F35EE29095DCC00C979D8 /* Model */,
				E83F35ED29095DC700C979D8 /* View */,
				E83F35EC29095DC000C979D8 /* Presenter */,
			);
			path = ComingDetailsModule;
			sourceTree = "<group>";
		};
		E83F35EC29095DC000C979D8 /* Presenter */ = {
			isa = PBXGroup;
			children = (
				E83F35EF29095E0600C979D8 /* ComingDetailsPresenter.swift */,
			);
			path = Presenter;
			sourceTree = "<group>";
		};
		E83F35ED29095DC700C979D8 /* View */ = {
			isa = PBXGroup;
			children = (
				E83F35E929095D7A00C979D8 /* ComingDetailsViewController.swift */,
			);
			path = View;
			sourceTree = "<group>";
		};
		E83F35EE29095DCC00C979D8 /* Model */ = {
			isa = PBXGroup;
			children = (
			);
			path = Model;
			sourceTree = "<group>";
		};
		E875D0AC28F2E36C000B6A08 /* DetailInfoModule */ = {
			isa = PBXGroup;
			children = (
				E875D0B528F2E97A000B6A08 /* Model */,
				E875D0AD28F2E3BF000B6A08 /* View */,
				E875D0B028F2E554000B6A08 /* Presenter */,
			);
			path = DetailInfoModule;
			sourceTree = "<group>";
		};
		E875D0AD28F2E3BF000B6A08 /* View */ = {
			isa = PBXGroup;
			children = (
				E875D0AE28F2E407000B6A08 /* DetailInfoViewController.swift */,
				E875D0B628F2F8B4000B6A08 /* DetailinfoTableViewCell.swift */,
			);
			path = View;
			sourceTree = "<group>";
		};
		E875D0B028F2E554000B6A08 /* Presenter */ = {
			isa = PBXGroup;
			children = (
				E875D0B128F2E573000B6A08 /* DetailInfoPresenter.swift */,
			);
			path = Presenter;
			sourceTree = "<group>";
		};
		E875D0B528F2E97A000B6A08 /* Model */ = {
			isa = PBXGroup;
			children = (
				E875D0B328F2E975000B6A08 /* DetailInfoModel.swift */,
			);
			path = Model;
			sourceTree = "<group>";
		};
		E8B5666B28ED6886006C89F8 = {
			isa = PBXGroup;
			children = (
				E8B5667628ED6886006C89F8 /* LazybonesApp */,
				E8B5669028ED6888006C89F8 /* LazybonesAppTests */,
				E8B5669A28ED6888006C89F8 /* LazybonesAppUITests */,
				E8B5667528ED6886006C89F8 /* Products */,
				B4263029EE6C9BBC04E0EE7B /* Pods */,
				2CAA296E7A24142C98AF2D0F /* Frameworks */,
			);
			sourceTree = "<group>";
		};
		E8B5667528ED6886006C89F8 /* Products */ = {
			isa = PBXGroup;
			children = (
				E8B5667428ED6886006C89F8 /* LazybonesApp.app */,
				E8B5668D28ED6888006C89F8 /* LazybonesAppTests.xctest */,
				E8B5669728ED6888006C89F8 /* LazybonesAppUITests.xctest */,
			);
			name = Products;
			sourceTree = "<group>";
		};
		E8B5667628ED6886006C89F8 /* LazybonesApp */ = {
			isa = PBXGroup;
			children = (
				5737A48028F164B9008D4499 /* Application */,
				5737A47E28F1649F008D4499 /* Core */,
				5737A47828F15B85008D4499 /* Scenes */,
			);
			path = LazybonesApp;
			sourceTree = "<group>";
		};
		E8B5669028ED6888006C89F8 /* LazybonesAppTests */ = {
			isa = PBXGroup;
			children = (
				E8B5669128ED6888006C89F8 /* LazybonesAppTests.swift */,
			);
			path = LazybonesAppTests;
			sourceTree = "<group>";
		};
		E8B5669A28ED6888006C89F8 /* LazybonesAppUITests */ = {
			isa = PBXGroup;
			children = (
				E8B5669B28ED6888006C89F8 /* LazybonesAppUITests.swift */,
				E8B5669D28ED6888006C89F8 /* LazybonesAppUITestsLaunchTests.swift */,
			);
			path = LazybonesAppUITests;
			sourceTree = "<group>";
		};
		E8B566AB28F1CB16006C89F8 /* PlaceHolderModule */ = {
			isa = PBXGroup;
			children = (
				E8B566AC28F1CB41006C89F8 /* Model */,
				E8B566AD28F1CB4B006C89F8 /* View */,
				E8B566AE28F1CB51006C89F8 /* Presenter */,
			);
			path = PlaceHolderModule;
			sourceTree = "<group>";
		};
		E8B566AC28F1CB41006C89F8 /* Model */ = {
			isa = PBXGroup;
			children = (
				E8B566B328F1CC0B006C89F8 /* JSONPlaceHolderModel.swift */,
			);
			path = Model;
			sourceTree = "<group>";
		};
		E8B566AD28F1CB4B006C89F8 /* View */ = {
			isa = PBXGroup;
			children = (
				E8B566B128F1CBDB006C89F8 /* PlaseHolderViewController.swift */,
				E8B566B728F2B1BA006C89F8 /* ActionCollectionViewCell.swift */,
			);
			path = View;
			sourceTree = "<group>";
		};
		E8B566AE28F1CB51006C89F8 /* Presenter */ = {
			isa = PBXGroup;
			children = (
				E8B566AF28F1CB85006C89F8 /* JSONPlaceHolderTableViewPresenter.swift */,
			);
			path = Presenter;
			sourceTree = "<group>";
		};
/* End PBXGroup section */

/* Begin PBXNativeTarget section */
		E8B5667328ED6886006C89F8 /* LazybonesApp */ = {
			isa = PBXNativeTarget;
			buildConfigurationList = E8B566A128ED6888006C89F8 /* Build configuration list for PBXNativeTarget "LazybonesApp" */;
			buildPhases = (
				2CEC378B8ADBD0E048704914 /* [CP] Check Pods Manifest.lock */,
				E8B5667028ED6886006C89F8 /* Sources */,
				E8B5667128ED6886006C89F8 /* Frameworks */,
				E8B5667228ED6886006C89F8 /* Resources */,
				B38D7E52FDE250D0318E6C8D /* [CP] Embed Pods Frameworks */,
			);
			buildRules = (
			);
			dependencies = (
			);
			name = LazybonesApp;
			productName = LazybonesApp;
			productReference = E8B5667428ED6886006C89F8 /* LazybonesApp.app */;
			productType = "com.apple.product-type.application";
		};
		E8B5668C28ED6888006C89F8 /* LazybonesAppTests */ = {
			isa = PBXNativeTarget;
			buildConfigurationList = E8B566A428ED6888006C89F8 /* Build configuration list for PBXNativeTarget "LazybonesAppTests" */;
			buildPhases = (
				03F8D832BC49C4BEFD326546 /* [CP] Check Pods Manifest.lock */,
				E8B5668928ED6888006C89F8 /* Sources */,
				E8B5668A28ED6888006C89F8 /* Frameworks */,
				E8B5668B28ED6888006C89F8 /* Resources */,
			);
			buildRules = (
			);
			dependencies = (
				E8B5668F28ED6888006C89F8 /* PBXTargetDependency */,
			);
			name = LazybonesAppTests;
			productName = LazybonesAppTests;
			productReference = E8B5668D28ED6888006C89F8 /* LazybonesAppTests.xctest */;
			productType = "com.apple.product-type.bundle.unit-test";
		};
		E8B5669628ED6888006C89F8 /* LazybonesAppUITests */ = {
			isa = PBXNativeTarget;
			buildConfigurationList = E8B566A728ED6888006C89F8 /* Build configuration list for PBXNativeTarget "LazybonesAppUITests" */;
			buildPhases = (
				AE8F349EFF411FA5E30F076F /* [CP] Check Pods Manifest.lock */,
				E8B5669328ED6888006C89F8 /* Sources */,
				E8B5669428ED6888006C89F8 /* Frameworks */,
				E8B5669528ED6888006C89F8 /* Resources */,
				9B2B3E986FBD3361189716BD /* [CP] Embed Pods Frameworks */,
			);
			buildRules = (
			);
			dependencies = (
				E8B5669928ED6888006C89F8 /* PBXTargetDependency */,
			);
			name = LazybonesAppUITests;
			productName = LazybonesAppUITests;
			productReference = E8B5669728ED6888006C89F8 /* LazybonesAppUITests.xctest */;
			productType = "com.apple.product-type.bundle.ui-testing";
		};
/* End PBXNativeTarget section */

/* Begin PBXProject section */
		E8B5666C28ED6886006C89F8 /* Project object */ = {
			isa = PBXProject;
			attributes = {
				BuildIndependentTargetsInParallel = 1;
				LastSwiftUpdateCheck = 1330;
				LastUpgradeCheck = 1330;
				TargetAttributes = {
					E8B5667328ED6886006C89F8 = {
						CreatedOnToolsVersion = 13.3;
					};
					E8B5668C28ED6888006C89F8 = {
						CreatedOnToolsVersion = 13.3;
						TestTargetID = E8B5667328ED6886006C89F8;
					};
					E8B5669628ED6888006C89F8 = {
						CreatedOnToolsVersion = 13.3;
						TestTargetID = E8B5667328ED6886006C89F8;
					};
				};
			};
			buildConfigurationList = E8B5666F28ED6886006C89F8 /* Build configuration list for PBXProject "LazybonesApp" */;
			compatibilityVersion = "Xcode 13.0";
			developmentRegion = en;
			hasScannedForEncodings = 0;
			knownRegions = (
				en,
				Base,
			);
			mainGroup = E8B5666B28ED6886006C89F8;
			productRefGroup = E8B5667528ED6886006C89F8 /* Products */;
			projectDirPath = "";
			projectRoot = "";
			targets = (
				E8B5667328ED6886006C89F8 /* LazybonesApp */,
				E8B5668C28ED6888006C89F8 /* LazybonesAppTests */,
				E8B5669628ED6888006C89F8 /* LazybonesAppUITests */,
			);
		};
/* End PBXProject section */

/* Begin PBXResourcesBuildPhase section */
		E8B5667228ED6886006C89F8 /* Resources */ = {
			isa = PBXResourcesBuildPhase;
			buildActionMask = 2147483647;
			files = (
				E8B5668728ED6888006C89F8 /* LaunchScreen.storyboard in Resources */,
				E8B5668428ED6888006C89F8 /* Assets.xcassets in Resources */,
			);
			runOnlyForDeploymentPostprocessing = 0;
		};
		E8B5668B28ED6888006C89F8 /* Resources */ = {
			isa = PBXResourcesBuildPhase;
			buildActionMask = 2147483647;
			files = (
			);
			runOnlyForDeploymentPostprocessing = 0;
		};
		E8B5669528ED6888006C89F8 /* Resources */ = {
			isa = PBXResourcesBuildPhase;
			buildActionMask = 2147483647;
			files = (
			);
			runOnlyForDeploymentPostprocessing = 0;
		};
/* End PBXResourcesBuildPhase section */

/* Begin PBXShellScriptBuildPhase section */
		03F8D832BC49C4BEFD326546 /* [CP] Check Pods Manifest.lock */ = {
			isa = PBXShellScriptBuildPhase;
			buildActionMask = 2147483647;
			files = (
			);
			inputFileListPaths = (
			);
			inputPaths = (
				"${PODS_PODFILE_DIR_PATH}/Podfile.lock",
				"${PODS_ROOT}/Manifest.lock",
			);
			name = "[CP] Check Pods Manifest.lock";
			outputFileListPaths = (
			);
			outputPaths = (
				"$(DERIVED_FILE_DIR)/Pods-LazybonesAppTests-checkManifestLockResult.txt",
			);
			runOnlyForDeploymentPostprocessing = 0;
			shellPath = /bin/sh;
			shellScript = "diff \"${PODS_PODFILE_DIR_PATH}/Podfile.lock\" \"${PODS_ROOT}/Manifest.lock\" > /dev/null\nif [ $? != 0 ] ; then\n    # print error to STDERR\n    echo \"error: The sandbox is not in sync with the Podfile.lock. Run 'pod install' or update your CocoaPods installation.\" >&2\n    exit 1\nfi\n# This output is used by Xcode 'outputs' to avoid re-running this script phase.\necho \"SUCCESS\" > \"${SCRIPT_OUTPUT_FILE_0}\"\n";
			showEnvVarsInLog = 0;
		};
		2CEC378B8ADBD0E048704914 /* [CP] Check Pods Manifest.lock */ = {
			isa = PBXShellScriptBuildPhase;
			buildActionMask = 2147483647;
			files = (
			);
			inputFileListPaths = (
			);
			inputPaths = (
				"${PODS_PODFILE_DIR_PATH}/Podfile.lock",
				"${PODS_ROOT}/Manifest.lock",
			);
			name = "[CP] Check Pods Manifest.lock";
			outputFileListPaths = (
			);
			outputPaths = (
				"$(DERIVED_FILE_DIR)/Pods-LazybonesApp-checkManifestLockResult.txt",
			);
			runOnlyForDeploymentPostprocessing = 0;
			shellPath = /bin/sh;
			shellScript = "diff \"${PODS_PODFILE_DIR_PATH}/Podfile.lock\" \"${PODS_ROOT}/Manifest.lock\" > /dev/null\nif [ $? != 0 ] ; then\n    # print error to STDERR\n    echo \"error: The sandbox is not in sync with the Podfile.lock. Run 'pod install' or update your CocoaPods installation.\" >&2\n    exit 1\nfi\n# This output is used by Xcode 'outputs' to avoid re-running this script phase.\necho \"SUCCESS\" > \"${SCRIPT_OUTPUT_FILE_0}\"\n";
			showEnvVarsInLog = 0;
		};
		9B2B3E986FBD3361189716BD /* [CP] Embed Pods Frameworks */ = {
			isa = PBXShellScriptBuildPhase;
			buildActionMask = 2147483647;
			files = (
			);
			inputFileListPaths = (
				"${PODS_ROOT}/Target Support Files/Pods-LazybonesApp-LazybonesAppUITests/Pods-LazybonesApp-LazybonesAppUITests-frameworks-${CONFIGURATION}-input-files.xcfilelist",
			);
			name = "[CP] Embed Pods Frameworks";
			outputFileListPaths = (
				"${PODS_ROOT}/Target Support Files/Pods-LazybonesApp-LazybonesAppUITests/Pods-LazybonesApp-LazybonesAppUITests-frameworks-${CONFIGURATION}-output-files.xcfilelist",
			);
			runOnlyForDeploymentPostprocessing = 0;
			shellPath = /bin/sh;
			shellScript = "\"${PODS_ROOT}/Target Support Files/Pods-LazybonesApp-LazybonesAppUITests/Pods-LazybonesApp-LazybonesAppUITests-frameworks.sh\"\n";
			showEnvVarsInLog = 0;
		};
		AE8F349EFF411FA5E30F076F /* [CP] Check Pods Manifest.lock */ = {
			isa = PBXShellScriptBuildPhase;
			buildActionMask = 2147483647;
			files = (
			);
			inputFileListPaths = (
			);
			inputPaths = (
				"${PODS_PODFILE_DIR_PATH}/Podfile.lock",
				"${PODS_ROOT}/Manifest.lock",
			);
			name = "[CP] Check Pods Manifest.lock";
			outputFileListPaths = (
			);
			outputPaths = (
				"$(DERIVED_FILE_DIR)/Pods-LazybonesApp-LazybonesAppUITests-checkManifestLockResult.txt",
			);
			runOnlyForDeploymentPostprocessing = 0;
			shellPath = /bin/sh;
			shellScript = "diff \"${PODS_PODFILE_DIR_PATH}/Podfile.lock\" \"${PODS_ROOT}/Manifest.lock\" > /dev/null\nif [ $? != 0 ] ; then\n    # print error to STDERR\n    echo \"error: The sandbox is not in sync with the Podfile.lock. Run 'pod install' or update your CocoaPods installation.\" >&2\n    exit 1\nfi\n# This output is used by Xcode 'outputs' to avoid re-running this script phase.\necho \"SUCCESS\" > \"${SCRIPT_OUTPUT_FILE_0}\"\n";
			showEnvVarsInLog = 0;
		};
		B38D7E52FDE250D0318E6C8D /* [CP] Embed Pods Frameworks */ = {
			isa = PBXShellScriptBuildPhase;
			buildActionMask = 2147483647;
			files = (
			);
			inputFileListPaths = (
				"${PODS_ROOT}/Target Support Files/Pods-LazybonesApp/Pods-LazybonesApp-frameworks-${CONFIGURATION}-input-files.xcfilelist",
			);
			name = "[CP] Embed Pods Frameworks";
			outputFileListPaths = (
				"${PODS_ROOT}/Target Support Files/Pods-LazybonesApp/Pods-LazybonesApp-frameworks-${CONFIGURATION}-output-files.xcfilelist",
			);
			runOnlyForDeploymentPostprocessing = 0;
			shellPath = /bin/sh;
			shellScript = "\"${PODS_ROOT}/Target Support Files/Pods-LazybonesApp/Pods-LazybonesApp-frameworks.sh\"\n";
			showEnvVarsInLog = 0;
		};
/* End PBXShellScriptBuildPhase section */

/* Begin PBXSourcesBuildPhase section */
		E8B5667028ED6886006C89F8 /* Sources */ = {
			isa = PBXSourcesBuildPhase;
			buildActionMask = 2147483647;
			files = (
				E8AF8A3828FD646C0058884F /* APIService.swift in Sources */,
				E8AF8A3A28FD864C0058884F /* MoyaService.swift in Sources */,
				E83F35D0290803A100C979D8 /* PaymentViewController.swift in Sources */,
				E875D0B428F2E975000B6A08 /* DetailInfoModel.swift in Sources */,
				E8B566B428F1CC0B006C89F8 /* JSONPlaceHolderModel.swift in Sources */,
				E83F35E229091D8300C979D8 /* SbisComingListRequest.swift in Sources */,
				E83F35EA29095D7A00C979D8 /* ComingDetailsViewController.swift in Sources */,
				E875D0B228F2E573000B6A08 /* DetailInfoPresenter.swift in Sources */,
				E83F35F029095E0600C979D8 /* ComingDetailsPresenter.swift in Sources */,
				5737A47B28F15C1B008D4499 /* MainPresenter.swift in Sources */,
				E8B5667C28ED6886006C89F8 /* MainViewController.swift in Sources */,
				E8B5668228ED6886006C89F8 /* LazybonesApp.xcdatamodeld in Sources */,
				E83F35D2290803C200C979D8 /* TeamViewController.swift in Sources */,
				E83F35E029091C3500C979D8 /* SbisAuthRequest.swift in Sources */,
				E8AF8A3628FD5B780058884F /* DecoderService.swift in Sources */,
				E8B5667828ED6886006C89F8 /* AppDelegate.swift in Sources */,
				E8B566B228F1CBDB006C89F8 /* PlaseHolderViewController.swift in Sources */,
				5737A47D28F1615C008D4499 /* NetworkService.swift in Sources */,
				E83F35F4290BC9DA00C979D8 /* SbisShortComingListResponse.swift in Sources */,
				E83F36362910FB7100C979D8 /* KeychainService.swift in Sources */,
				E8B5667A28ED6886006C89F8 /* SceneDelegate.swift in Sources */,
				E83F35D4290803E300C979D8 /* ComingViewController.swift in Sources */,
				E8B566B028F1CB85006C89F8 /* JSONPlaceHolderTableViewPresenter.swift in Sources */,
				E875D0B728F2F8B4000B6A08 /* DetailinfoTableViewCell.swift in Sources */,
				E83F35E42909227000C979D8 /* SbisComingListResponse.swift in Sources */,
				E8B566B828F2B1BA006C89F8 /* ActionCollectionViewCell.swift in Sources */,
				E83F35D62908040400C979D8 /* DashboardViewController.swift in Sources */,
				E83F35E829095CD200C979D8 /* CominTableViewCell.swift in Sources */,
				E83F35F2290BB35B00C979D8 /* ComingModel.swift in Sources */,
				E83F35DB290836BC00C979D8 /* ComingViewPresenter.swift in Sources */,
				E83F35D8290812EA00C979D8 /* MainTabBapController.swift in Sources */,
				E875D0AB28F2E118000B6A08 /* ModuleBuilder.swift in Sources */,
				E875D0AF28F2E407000B6A08 /* DetailInfoViewController.swift in Sources */,
				E83F35E62909238700C979D8 /* SbisAuthResponse.swift in Sources */,
			);
			runOnlyForDeploymentPostprocessing = 0;
		};
		E8B5668928ED6888006C89F8 /* Sources */ = {
			isa = PBXSourcesBuildPhase;
			buildActionMask = 2147483647;
			files = (
				E8B5669228ED6888006C89F8 /* LazybonesAppTests.swift in Sources */,
			);
			runOnlyForDeploymentPostprocessing = 0;
		};
		E8B5669328ED6888006C89F8 /* Sources */ = {
			isa = PBXSourcesBuildPhase;
			buildActionMask = 2147483647;
			files = (
				E8B5669E28ED6888006C89F8 /* LazybonesAppUITestsLaunchTests.swift in Sources */,
				E8B5669C28ED6888006C89F8 /* LazybonesAppUITests.swift in Sources */,
			);
			runOnlyForDeploymentPostprocessing = 0;
		};
/* End PBXSourcesBuildPhase section */

/* Begin PBXTargetDependency section */
		E8B5668F28ED6888006C89F8 /* PBXTargetDependency */ = {
			isa = PBXTargetDependency;
			target = E8B5667328ED6886006C89F8 /* LazybonesApp */;
			targetProxy = E8B5668E28ED6888006C89F8 /* PBXContainerItemProxy */;
		};
		E8B5669928ED6888006C89F8 /* PBXTargetDependency */ = {
			isa = PBXTargetDependency;
			target = E8B5667328ED6886006C89F8 /* LazybonesApp */;
			targetProxy = E8B5669828ED6888006C89F8 /* PBXContainerItemProxy */;
		};
/* End PBXTargetDependency section */

/* Begin PBXVariantGroup section */
		E8B5668528ED6888006C89F8 /* LaunchScreen.storyboard */ = {
			isa = PBXVariantGroup;
			children = (
				E8B5668628ED6888006C89F8 /* Base */,
			);
			name = LaunchScreen.storyboard;
			sourceTree = "<group>";
		};
/* End PBXVariantGroup section */

/* Begin XCBuildConfiguration section */
		E8B5669F28ED6888006C89F8 /* Debug */ = {
			isa = XCBuildConfiguration;
			buildSettings = {
				ALWAYS_SEARCH_USER_PATHS = NO;
				CLANG_ANALYZER_NONNULL = YES;
				CLANG_ANALYZER_NUMBER_OBJECT_CONVERSION = YES_AGGRESSIVE;
				CLANG_CXX_LANGUAGE_STANDARD = "gnu++17";
				CLANG_ENABLE_MODULES = YES;
				CLANG_ENABLE_OBJC_ARC = YES;
				CLANG_ENABLE_OBJC_WEAK = YES;
				CLANG_WARN_BLOCK_CAPTURE_AUTORELEASING = YES;
				CLANG_WARN_BOOL_CONVERSION = YES;
				CLANG_WARN_COMMA = YES;
				CLANG_WARN_CONSTANT_CONVERSION = YES;
				CLANG_WARN_DEPRECATED_OBJC_IMPLEMENTATIONS = YES;
				CLANG_WARN_DIRECT_OBJC_ISA_USAGE = YES_ERROR;
				CLANG_WARN_DOCUMENTATION_COMMENTS = YES;
				CLANG_WARN_EMPTY_BODY = YES;
				CLANG_WARN_ENUM_CONVERSION = YES;
				CLANG_WARN_INFINITE_RECURSION = YES;
				CLANG_WARN_INT_CONVERSION = YES;
				CLANG_WARN_NON_LITERAL_NULL_CONVERSION = YES;
				CLANG_WARN_OBJC_IMPLICIT_RETAIN_SELF = YES;
				CLANG_WARN_OBJC_LITERAL_CONVERSION = YES;
				CLANG_WARN_OBJC_ROOT_CLASS = YES_ERROR;
				CLANG_WARN_QUOTED_INCLUDE_IN_FRAMEWORK_HEADER = YES;
				CLANG_WARN_RANGE_LOOP_ANALYSIS = YES;
				CLANG_WARN_STRICT_PROTOTYPES = YES;
				CLANG_WARN_SUSPICIOUS_MOVE = YES;
				CLANG_WARN_UNGUARDED_AVAILABILITY = YES_AGGRESSIVE;
				CLANG_WARN_UNREACHABLE_CODE = YES;
				CLANG_WARN__DUPLICATE_METHOD_MATCH = YES;
				COPY_PHASE_STRIP = NO;
				DEBUG_INFORMATION_FORMAT = dwarf;
				ENABLE_STRICT_OBJC_MSGSEND = YES;
				ENABLE_TESTABILITY = YES;
				GCC_C_LANGUAGE_STANDARD = gnu11;
				GCC_DYNAMIC_NO_PIC = NO;
				GCC_NO_COMMON_BLOCKS = YES;
				GCC_OPTIMIZATION_LEVEL = 0;
				GCC_PREPROCESSOR_DEFINITIONS = (
					"DEBUG=1",
					"$(inherited)",
				);
				GCC_WARN_64_TO_32_BIT_CONVERSION = YES;
				GCC_WARN_ABOUT_RETURN_TYPE = YES_ERROR;
				GCC_WARN_UNDECLARED_SELECTOR = YES;
				GCC_WARN_UNINITIALIZED_AUTOS = YES_AGGRESSIVE;
				GCC_WARN_UNUSED_FUNCTION = YES;
				GCC_WARN_UNUSED_VARIABLE = YES;
				IPHONEOS_DEPLOYMENT_TARGET = 15.4;
				MTL_ENABLE_DEBUG_INFO = INCLUDE_SOURCE;
				MTL_FAST_MATH = YES;
				ONLY_ACTIVE_ARCH = YES;
				SDKROOT = iphoneos;
				SWIFT_ACTIVE_COMPILATION_CONDITIONS = DEBUG;
				SWIFT_OPTIMIZATION_LEVEL = "-Onone";
			};
			name = Debug;
		};
		E8B566A028ED6888006C89F8 /* Release */ = {
			isa = XCBuildConfiguration;
			buildSettings = {
				ALWAYS_SEARCH_USER_PATHS = NO;
				CLANG_ANALYZER_NONNULL = YES;
				CLANG_ANALYZER_NUMBER_OBJECT_CONVERSION = YES_AGGRESSIVE;
				CLANG_CXX_LANGUAGE_STANDARD = "gnu++17";
				CLANG_ENABLE_MODULES = YES;
				CLANG_ENABLE_OBJC_ARC = YES;
				CLANG_ENABLE_OBJC_WEAK = YES;
				CLANG_WARN_BLOCK_CAPTURE_AUTORELEASING = YES;
				CLANG_WARN_BOOL_CONVERSION = YES;
				CLANG_WARN_COMMA = YES;
				CLANG_WARN_CONSTANT_CONVERSION = YES;
				CLANG_WARN_DEPRECATED_OBJC_IMPLEMENTATIONS = YES;
				CLANG_WARN_DIRECT_OBJC_ISA_USAGE = YES_ERROR;
				CLANG_WARN_DOCUMENTATION_COMMENTS = YES;
				CLANG_WARN_EMPTY_BODY = YES;
				CLANG_WARN_ENUM_CONVERSION = YES;
				CLANG_WARN_INFINITE_RECURSION = YES;
				CLANG_WARN_INT_CONVERSION = YES;
				CLANG_WARN_NON_LITERAL_NULL_CONVERSION = YES;
				CLANG_WARN_OBJC_IMPLICIT_RETAIN_SELF = YES;
				CLANG_WARN_OBJC_LITERAL_CONVERSION = YES;
				CLANG_WARN_OBJC_ROOT_CLASS = YES_ERROR;
				CLANG_WARN_QUOTED_INCLUDE_IN_FRAMEWORK_HEADER = YES;
				CLANG_WARN_RANGE_LOOP_ANALYSIS = YES;
				CLANG_WARN_STRICT_PROTOTYPES = YES;
				CLANG_WARN_SUSPICIOUS_MOVE = YES;
				CLANG_WARN_UNGUARDED_AVAILABILITY = YES_AGGRESSIVE;
				CLANG_WARN_UNREACHABLE_CODE = YES;
				CLANG_WARN__DUPLICATE_METHOD_MATCH = YES;
				COPY_PHASE_STRIP = NO;
				DEBUG_INFORMATION_FORMAT = "dwarf-with-dsym";
				ENABLE_NS_ASSERTIONS = NO;
				ENABLE_STRICT_OBJC_MSGSEND = YES;
				GCC_C_LANGUAGE_STANDARD = gnu11;
				GCC_NO_COMMON_BLOCKS = YES;
				GCC_WARN_64_TO_32_BIT_CONVERSION = YES;
				GCC_WARN_ABOUT_RETURN_TYPE = YES_ERROR;
				GCC_WARN_UNDECLARED_SELECTOR = YES;
				GCC_WARN_UNINITIALIZED_AUTOS = YES_AGGRESSIVE;
				GCC_WARN_UNUSED_FUNCTION = YES;
				GCC_WARN_UNUSED_VARIABLE = YES;
				IPHONEOS_DEPLOYMENT_TARGET = 15.4;
				MTL_ENABLE_DEBUG_INFO = NO;
				MTL_FAST_MATH = YES;
				SDKROOT = iphoneos;
				SWIFT_COMPILATION_MODE = wholemodule;
				SWIFT_OPTIMIZATION_LEVEL = "-O";
				VALIDATE_PRODUCT = YES;
			};
			name = Release;
		};
		E8B566A228ED6888006C89F8 /* Debug */ = {
			isa = XCBuildConfiguration;
			baseConfigurationReference = 8825B3B8EA6C92D4E83EEF5E /* Pods-LazybonesApp.debug.xcconfig */;
			buildSettings = {
				ASSETCATALOG_COMPILER_APPICON_NAME = AppIcon;
				ASSETCATALOG_COMPILER_GLOBAL_ACCENT_COLOR_NAME = AccentColor;
				CODE_SIGN_STYLE = Automatic;
				CURRENT_PROJECT_VERSION = 1;
				GENERATE_INFOPLIST_FILE = YES;
				INFOPLIST_FILE = LazybonesApp/Application/Info.plist;
				INFOPLIST_KEY_UIApplicationSupportsIndirectInputEvents = YES;
				INFOPLIST_KEY_UILaunchStoryboardName = LaunchScreen;
				INFOPLIST_KEY_UISupportedInterfaceOrientations = UIInterfaceOrientationPortrait;
				INFOPLIST_KEY_UISupportedInterfaceOrientations_iPad = UIInterfaceOrientationPortrait;
				INFOPLIST_KEY_UISupportedInterfaceOrientations_iPhone = UIInterfaceOrientationPortrait;
				IPHONEOS_DEPLOYMENT_TARGET = 13.0;
				LD_RUNPATH_SEARCH_PATHS = (
					"$(inherited)",
					"@executable_path/Frameworks",
				);
				MARKETING_VERSION = 1.0;
				PRODUCT_BUNDLE_IDENTIFIER = AntonZyabkin.LazybonesApp;
				PRODUCT_NAME = "$(TARGET_NAME)";
				SWIFT_EMIT_LOC_STRINGS = YES;
				SWIFT_VERSION = 5.0;
				TARGETED_DEVICE_FAMILY = 1;
			};
			name = Debug;
		};
		E8B566A328ED6888006C89F8 /* Release */ = {
			isa = XCBuildConfiguration;
			baseConfigurationReference = 8A49638B38C5784FEC360724 /* Pods-LazybonesApp.release.xcconfig */;
			buildSettings = {
				ASSETCATALOG_COMPILER_APPICON_NAME = AppIcon;
				ASSETCATALOG_COMPILER_GLOBAL_ACCENT_COLOR_NAME = AccentColor;
				CODE_SIGN_STYLE = Automatic;
				CURRENT_PROJECT_VERSION = 1;
				GENERATE_INFOPLIST_FILE = YES;
				INFOPLIST_FILE = LazybonesApp/Application/Info.plist;
				INFOPLIST_KEY_UIApplicationSupportsIndirectInputEvents = YES;
				INFOPLIST_KEY_UILaunchStoryboardName = LaunchScreen;
				INFOPLIST_KEY_UISupportedInterfaceOrientations = UIInterfaceOrientationPortrait;
				INFOPLIST_KEY_UISupportedInterfaceOrientations_iPad = UIInterfaceOrientationPortrait;
				INFOPLIST_KEY_UISupportedInterfaceOrientations_iPhone = UIInterfaceOrientationPortrait;
				IPHONEOS_DEPLOYMENT_TARGET = 13.0;
				LD_RUNPATH_SEARCH_PATHS = (
					"$(inherited)",
					"@executable_path/Frameworks",
				);
				MARKETING_VERSION = 1.0;
				PRODUCT_BUNDLE_IDENTIFIER = AntonZyabkin.LazybonesApp;
				PRODUCT_NAME = "$(TARGET_NAME)";
				SWIFT_EMIT_LOC_STRINGS = YES;
				SWIFT_VERSION = 5.0;
				TARGETED_DEVICE_FAMILY = 1;
			};
			name = Release;
		};
		E8B566A528ED6888006C89F8 /* Debug */ = {
			isa = XCBuildConfiguration;
			baseConfigurationReference = C747CDA187AFBBC77483F2AE /* Pods-LazybonesAppTests.debug.xcconfig */;
			buildSettings = {
				ALWAYS_EMBED_SWIFT_STANDARD_LIBRARIES = YES;
				BUNDLE_LOADER = "$(TEST_HOST)";
				CODE_SIGN_STYLE = Automatic;
				CURRENT_PROJECT_VERSION = 1;
				GENERATE_INFOPLIST_FILE = YES;
				IPHONEOS_DEPLOYMENT_TARGET = 15.4;
				MARKETING_VERSION = 1.0;
				PRODUCT_BUNDLE_IDENTIFIER = AntonZyabkin.LazybonesAppTests;
				PRODUCT_NAME = "$(TARGET_NAME)";
				SWIFT_EMIT_LOC_STRINGS = NO;
				SWIFT_VERSION = 5.0;
				TARGETED_DEVICE_FAMILY = "1,2";
				TEST_HOST = "$(BUILT_PRODUCTS_DIR)/LazybonesApp.app/LazybonesApp";
			};
			name = Debug;
		};
		E8B566A628ED6888006C89F8 /* Release */ = {
			isa = XCBuildConfiguration;
			baseConfigurationReference = BBED85E757EE3E3D01E4C365 /* Pods-LazybonesAppTests.release.xcconfig */;
			buildSettings = {
				ALWAYS_EMBED_SWIFT_STANDARD_LIBRARIES = YES;
				BUNDLE_LOADER = "$(TEST_HOST)";
				CODE_SIGN_STYLE = Automatic;
				CURRENT_PROJECT_VERSION = 1;
				GENERATE_INFOPLIST_FILE = YES;
				IPHONEOS_DEPLOYMENT_TARGET = 15.4;
				MARKETING_VERSION = 1.0;
				PRODUCT_BUNDLE_IDENTIFIER = AntonZyabkin.LazybonesAppTests;
				PRODUCT_NAME = "$(TARGET_NAME)";
				SWIFT_EMIT_LOC_STRINGS = NO;
				SWIFT_VERSION = 5.0;
				TARGETED_DEVICE_FAMILY = "1,2";
				TEST_HOST = "$(BUILT_PRODUCTS_DIR)/LazybonesApp.app/LazybonesApp";
			};
			name = Release;
		};
		E8B566A828ED6888006C89F8 /* Debug */ = {
			isa = XCBuildConfiguration;
			baseConfigurationReference = D04F19DBA60F1806377B80FF /* Pods-LazybonesApp-LazybonesAppUITests.debug.xcconfig */;
			buildSettings = {
				ALWAYS_EMBED_SWIFT_STANDARD_LIBRARIES = YES;
				CODE_SIGN_STYLE = Automatic;
				CURRENT_PROJECT_VERSION = 1;
				GENERATE_INFOPLIST_FILE = YES;
				MARKETING_VERSION = 1.0;
				PRODUCT_BUNDLE_IDENTIFIER = AntonZyabkin.LazybonesAppUITests;
				PRODUCT_NAME = "$(TARGET_NAME)";
				SWIFT_EMIT_LOC_STRINGS = NO;
				SWIFT_VERSION = 5.0;
				TARGETED_DEVICE_FAMILY = "1,2";
				TEST_TARGET_NAME = LazybonesApp;
			};
			name = Debug;
		};
		E8B566A928ED6888006C89F8 /* Release */ = {
			isa = XCBuildConfiguration;
			baseConfigurationReference = 0AC96FEEC79821C8D8C54062 /* Pods-LazybonesApp-LazybonesAppUITests.release.xcconfig */;
			buildSettings = {
				ALWAYS_EMBED_SWIFT_STANDARD_LIBRARIES = YES;
				CODE_SIGN_STYLE = Automatic;
				CURRENT_PROJECT_VERSION = 1;
				GENERATE_INFOPLIST_FILE = YES;
				MARKETING_VERSION = 1.0;
				PRODUCT_BUNDLE_IDENTIFIER = AntonZyabkin.LazybonesAppUITests;
				PRODUCT_NAME = "$(TARGET_NAME)";
				SWIFT_EMIT_LOC_STRINGS = NO;
				SWIFT_VERSION = 5.0;
				TARGETED_DEVICE_FAMILY = "1,2";
				TEST_TARGET_NAME = LazybonesApp;
			};
			name = Release;
		};
/* End XCBuildConfiguration section */

/* Begin XCConfigurationList section */
		E8B5666F28ED6886006C89F8 /* Build configuration list for PBXProject "LazybonesApp" */ = {
			isa = XCConfigurationList;
			buildConfigurations = (
				E8B5669F28ED6888006C89F8 /* Debug */,
				E8B566A028ED6888006C89F8 /* Release */,
			);
			defaultConfigurationIsVisible = 0;
			defaultConfigurationName = Release;
		};
		E8B566A128ED6888006C89F8 /* Build configuration list for PBXNativeTarget "LazybonesApp" */ = {
			isa = XCConfigurationList;
			buildConfigurations = (
				E8B566A228ED6888006C89F8 /* Debug */,
				E8B566A328ED6888006C89F8 /* Release */,
			);
			defaultConfigurationIsVisible = 0;
			defaultConfigurationName = Release;
		};
		E8B566A428ED6888006C89F8 /* Build configuration list for PBXNativeTarget "LazybonesAppTests" */ = {
			isa = XCConfigurationList;
			buildConfigurations = (
				E8B566A528ED6888006C89F8 /* Debug */,
				E8B566A628ED6888006C89F8 /* Release */,
			);
			defaultConfigurationIsVisible = 0;
			defaultConfigurationName = Release;
		};
		E8B566A728ED6888006C89F8 /* Build configuration list for PBXNativeTarget "LazybonesAppUITests" */ = {
			isa = XCConfigurationList;
			buildConfigurations = (
				E8B566A828ED6888006C89F8 /* Debug */,
				E8B566A928ED6888006C89F8 /* Release */,
			);
			defaultConfigurationIsVisible = 0;
			defaultConfigurationName = Release;
		};
/* End XCConfigurationList section */

/* Begin XCVersionGroup section */
		E8B5668028ED6886006C89F8 /* LazybonesApp.xcdatamodeld */ = {
			isa = XCVersionGroup;
			children = (
				E8B5668128ED6886006C89F8 /* LazybonesApp.xcdatamodel */,
			);
			currentVersion = E8B5668128ED6886006C89F8 /* LazybonesApp.xcdatamodel */;
			path = LazybonesApp.xcdatamodeld;
			sourceTree = "<group>";
			versionGroupType = wrapper.xcdatamodel;
		};
/* End XCVersionGroup section */
	};
	rootObject = E8B5666C28ED6886006C89F8 /* Project object */;
}
